
Microsoft Visual Studio Solution File, Format Version 12.00
# Visual Studio 2013
Project("{FAE04EC0-301F-11D3-BF4B-00C04F79EFBC}") = "UnityVS.Asteroids.CSharp", "UnityVS.Asteroids.CSharp.csproj", "{ABD5F352-6F11-5D3F-217F-C3EFDBF6A91E}"
EndProject
Global
	GlobalSection(SolutionConfigurationPlatforms) = preSolution
		Debug|Any CPU = Debug|Any CPU
		Release|Any CPU = Release|Any CPU
	EndGlobalSection
	GlobalSection(ProjectConfigurationPlatforms) = postSolution
		{ABD5F352-6F11-5D3F-217F-C3EFDBF6A91E}.Debug|Any CPU.ActiveCfg = Debug|Any CPU
		{ABD5F352-6F11-5D3F-217F-C3EFDBF6A91E}.Debug|Any CPU.Build.0 = Debug|Any CPU
		{ABD5F352-6F11-5D3F-217F-C3EFDBF6A91E}.Release|Any CPU.ActiveCfg = Release|Any CPU
		{ABD5F352-6F11-5D3F-217F-C3EFDBF6A91E}.Release|Any CPU.Build.0 = Release|Any CPU
	EndGlobalSection
	GlobalSection(SolutionProperties) = preSolution
		HideSolutionNode = FALSE
	EndGlobalSection
EndGlobal
